Microsoft Visual Studio Solution File, Format Version 12.00
# Visual Studio Version 17
VisualStudioVersion = 17.5.2.0
MinimumVisualStudioVersion = 10.0.40219.1
Project("{FAE04EC0-301F-11D3-BF4B-00C04F79EFBC}") = "InternationalPaymentSystem", "InternationalPaymentsPortal\InternationalPaymentSystem.csproj", "{4600F213-2BB4-86BE-3D55-8378513221A0}"
EndProject
Global
	GlobalSection(SolutionConfigurationPlatforms) = preSolution
		Debug|Any CPU = Debug|Any CPU
		Release|Any CPU = Release|Any CPU
	EndGlobalSection
	GlobalSection(ProjectConfigurationPlatforms) = postSolution
		{4600F213-2BB4-86BE-3D55-8378513221A0}.Debug|Any CPU.ActiveCfg = Debug|Any CPU
		{4600F213-2BB4-86BE-3D55-8378513221A0}.Debug|Any CPU.Build.0 = Debug|Any CPU
		{4600F213-2BB4-86BE-3D55-8378513221A0}.Release|Any CPU.ActiveCfg = Release|Any CPU
		{4600F213-2BB4-86BE-3D55-8378513221A0}.Release|Any CPU.Build.0 = Release|Any CPU
	EndGlobalSection
	GlobalSection(SolutionProperties) = preSolution
		HideSolutionNode = FALSE
	EndGlobalSection
	GlobalSection(ExtensibilityGlobals) = postSolution
		SolutionGuid = {4E188BCE-C1E6-486C-ADD0-D29A416C4866}
	EndGlobalSection
EndGlobal
